
Microsoft Visual Studio Solution File, Format Version 12.00
# Visual Studio Version 17
VisualStudioVersion = 17.6.33815.320
MinimumVisualStudioVersion = 10.0.40219.1
Project("{FAE04EC0-301F-11D3-BF4B-00C04F79EFBC}") = "ExploreTheHashSet", "ExploreTheHashSet\ExploreTheHashSet.csproj", "{A9BB692B-0E14-43DB-A37B-EDD4B7EAAB61}"
EndProject
Global
	GlobalSection(SolutionConfigurationPlatforms) = preSolution
		Debug|Any CPU = Debug|Any CPU
		Release|Any CPU = Release|Any CPU
	EndGlobalSection
	GlobalSection(ProjectConfigurationPlatforms) = postSolution
		{A9BB692B-0E14-43DB-A37B-EDD4B7EAAB61}.Debug|Any CPU.ActiveCfg = Debug|Any CPU
		{A9BB692B-0E14-43DB-A37B-EDD4B7EAAB61}.Debug|Any CPU.Build.0 = Debug|Any CPU
		{A9BB692B-0E14-43DB-A37B-EDD4B7EAAB61}.Release|Any CPU.ActiveCfg = Release|Any CPU
		{A9BB692B-0E14-43DB-A37B-EDD4B7EAAB61}.Release|Any CPU.Build.0 = Release|Any CPU
	EndGlobalSection
	GlobalSection(SolutionProperties) = preSolution
		HideSolutionNode = FALSE
	EndGlobalSection
	GlobalSection(ExtensibilityGlobals) = postSolution
		SolutionGuid = {3D8DDED9-0431-4ED9-B12C-93017CE0A353}
	EndGlobalSection
EndGlobal
